// !$*UTF8*$!
{
	archiveVersion = 1;
	classes = {
	};
	objectVersion = 46;
	objects = {

/* Begin PBXBuildFile section */
		6B00840C1F1B0C9900A348E6 /* MapKit.framework in Frameworks */ = {isa = PBXBuildFile; fileRef = 6B00840B1F1B0C9900A348E6 /* MapKit.framework */; };
		6B080AF01F2478AD007F866F /* InputCarLicenseController.swift in Sources */ = {isa = PBXBuildFile; fileRef = 6B080AEF1F2478AD007F866F /* InputCarLicenseController.swift */; };
		6B3B9E981F449CC4006B0971 /* MyPinAnnotation.swift in Sources */ = {isa = PBXBuildFile; fileRef = 6B3B9E971F449CC4006B0971 /* MyPinAnnotation.swift */; };
		6B5A79CB1F39E73B00826B8F /* UserInfoAvatarCell.swift in Sources */ = {isa = PBXBuildFile; fileRef = 6B5A79CA1F39E73B00826B8F /* UserInfoAvatarCell.swift */; };
		6B5A79CD1F39E7C000826B8F /* UserInfoDetailCell.swift in Sources */ = {isa = PBXBuildFile; fileRef = 6B5A79CC1F39E7C000826B8F /* UserInfoDetailCell.swift */; };
		6B71919B1F1A8B3900557D20 /* AppDelegate.swift in Sources */ = {isa = PBXBuildFile; fileRef = 6B71919A1F1A8B3900557D20 /* AppDelegate.swift */; };
		6B7191A01F1A8B3900557D20 /* Main.storyboard in Resources */ = {isa = PBXBuildFile; fileRef = 6B71919E1F1A8B3900557D20 /* Main.storyboard */; };
		6B7191A21F1A8B3900557D20 /* Assets.xcassets in Resources */ = {isa = PBXBuildFile; fileRef = 6B7191A11F1A8B3900557D20 /* Assets.xcassets */; };
		6B7191A51F1A8B3900557D20 /* LaunchScreen.storyboard in Resources */ = {isa = PBXBuildFile; fileRef = 6B7191A31F1A8B3900557D20 /* LaunchScreen.storyboard */; };
		6B78B5941F38927F007D46A1 /* UserInfoController.storyboard in Resources */ = {isa = PBXBuildFile; fileRef = 6B78B5931F38927F007D46A1 /* UserInfoController.storyboard */; };
		6B9CB2171F24BF4D00F2981A /* InputCarLicenseController.storyboard in Resources */ = {isa = PBXBuildFile; fileRef = 6B9CB2161F24BF4D00F2981A /* InputCarLicenseController.storyboard */; };
		6B9CB21A1F24E83900F2981A /* UserInfoController.swift in Sources */ = {isa = PBXBuildFile; fileRef = 6B9CB2191F24E83900F2981A /* UserInfoController.swift */; };
		6BAA27C01F2F045A00758DD4 /* ScanTimeoutVC.swift in Sources */ = {isa = PBXBuildFile; fileRef = 6BAA27BF1F2F045A00758DD4 /* ScanTimeoutVC.swift */; };
		6BAA27C21F2F047900758DD4 /* ScanTimeoutVC.storyboard in Resources */ = {isa = PBXBuildFile; fileRef = 6BAA27C11F2F047900758DD4 /* ScanTimeoutVC.storyboard */; };
		6BAA27C51F2F1A0E00758DD4 /* MenuVC.swift in Sources */ = {isa = PBXBuildFile; fileRef = 6BAA27C41F2F1A0E00758DD4 /* MenuVC.swift */; };
		6BAA27C91F2F1E5700758DD4 /* CustomMenuTabelCell.swift in Sources */ = {isa = PBXBuildFile; fileRef = 6BAA27C81F2F1E5700758DD4 /* CustomMenuTabelCell.swift */; };
		6BAA27CD1F2F85F700758DD4 /* MenuVC.storyboard in Resources */ = {isa = PBXBuildFile; fileRef = 6BAA27CC1F2F85F700758DD4 /* MenuVC.storyboard */; };
		6BAA27D01F2F8E7B00758DD4 /* ReportVC.swift in Sources */ = {isa = PBXBuildFile; fileRef = 6BAA27CF1F2F8E7B00758DD4 /* ReportVC.swift */; };
		6BAA27D21F2F8F4C00758DD4 /* ReportVC.storyboard in Resources */ = {isa = PBXBuildFile; fileRef = 6BAA27D11F2F8F4C00758DD4 /* ReportVC.storyboard */; };
		6BAC38061F37563700A3AD5D /* 香港中环.gpx in Resources */ = {isa = PBXBuildFile; fileRef = 6BAC38051F37563700A3AD5D /* 香港中环.gpx */; };
		6BAC38081F3756A700A3AD5D /* loginVideoV2.mp4 in Resources */ = {isa = PBXBuildFile; fileRef = 6BAC38071F3756A700A3AD5D /* loginVideoV2.mp4 */; };
		6BCC38931F3B04DA006ABE12 /* SettingController.swift in Sources */ = {isa = PBXBuildFile; fileRef = 6BCC38921F3B04DA006ABE12 /* SettingController.swift */; };
		6BCC38951F3B1B7E006ABE12 /* AboutVC.swift in Sources */ = {isa = PBXBuildFile; fileRef = 6BCC38941F3B1B7E006ABE12 /* AboutVC.swift */; };
		6BCC38971F3B228D006ABE12 /* MyNavigationController.swift in Sources */ = {isa = PBXBuildFile; fileRef = 6BCC38961F3B228D006ABE12 /* MyNavigationController.swift */; };
		6BFF61131F1B6407006447B1 /* ActivityCenterController.swift in Sources */ = {isa = PBXBuildFile; fileRef = 6BFF610C1F1B6407006447B1 /* ActivityCenterController.swift */; };
		6BFF61141F1B6407006447B1 /* MainViewController.swift in Sources */ = {isa = PBXBuildFile; fileRef = 6BFF610E1F1B6407006447B1 /* MainViewController.swift */; };
		6BFF61151F1B6407006447B1 /* UIView+Extension.swift in Sources */ = {isa = PBXBuildFile; fileRef = 6BFF61111F1B6407006447B1 /* UIView+Extension.swift */; };
		6BFF61171F1B647C006447B1 /* ActivityCenterController.storyboard in Resources */ = {isa = PBXBuildFile; fileRef = 6BFF61161F1B647C006447B1 /* ActivityCenterController.storyboard */; };
		6BFF61191F1B64A0006447B1 /* MainViewController.storyboard in Resources */ = {isa = PBXBuildFile; fileRef = 6BFF61181F1B64A0006447B1 /* MainViewController.storyboard */; };
		6BFF611D1F1B8245006447B1 /* QRCodeController.swift in Sources */ = {isa = PBXBuildFile; fileRef = 6BFF611C1F1B8245006447B1 /* QRCodeController.swift */; };
		6BFF611F1F1B827A006447B1 /* QRCodeController.storyboard in Resources */ = {isa = PBXBuildFile; fileRef = 6BFF611E1F1B827A006447B1 /* QRCodeController.storyboard */; };
		D023903F29DE1CB3237D0330 /* Pods_ofo.framework in Frameworks */ = {isa = PBXBuildFile; fileRef = D3EC0F67EDDCF13A24478C02 /* Pods_ofo.framework */; };
/* End PBXBuildFile section */

/* Begin PBXFileReference section */
		2E82AAA083E137B9A535F1FC /* Pods-ofo.debug.xcconfig */ = {isa = PBXFileReference; includeInIndex = 1; lastKnownFileType = text.xcconfig; name = "Pods-ofo.debug.xcconfig"; path = "Pods/Target Support Files/Pods-ofo/Pods-ofo.debug.xcconfig"; sourceTree = "<group>"; };
		6B00840B1F1B0C9900A348E6 /* MapKit.framework */ = {isa = PBXFileReference; lastKnownFileType = wrapper.framework; name = MapKit.framework; path = System/Library/Frameworks/MapKit.framework; sourceTree = SDKROOT; };
		6B080AEF1F2478AD007F866F /* InputCarLicenseController.swift */ = {isa = PBXFileReference; fileEncoding = 4; lastKnownFileType = sourcecode.swift; path = InputCarLicenseController.swift; sourceTree = "<group>"; };
		6B348C561F1BF2A6003FFCDC /* ofo-Bridging-Header.h */ = {isa = PBXFileReference; lastKnownFileType = sourcecode.c.h; path = "ofo-Bridging-Header.h"; sourceTree = "<group>"; };
		6B3B9E971F449CC4006B0971 /* MyPinAnnotation.swift */ = {isa = PBXFileReference; fileEncoding = 4; lastKnownFileType = sourcecode.swift; path = MyPinAnnotation.swift; sourceTree = "<group>"; };
		6B5A79CA1F39E73B00826B8F /* UserInfoAvatarCell.swift */ = {isa = PBXFileReference; fileEncoding = 4; lastKnownFileType = sourcecode.swift; path = UserInfoAvatarCell.swift; sourceTree = "<group>"; };
		6B5A79CC1F39E7C000826B8F /* UserInfoDetailCell.swift */ = {isa = PBXFileReference; fileEncoding = 4; lastKnownFileType = sourcecode.swift; path = UserInfoDetailCell.swift; sourceTree = "<group>"; };
		6B7191971F1A8B3900557D20 /* ofo.app */ = {isa = PBXFileReference; explicitFileType = wrapper.application; includeInIndex = 0; path = ofo.app; sourceTree = BUILT_PRODUCTS_DIR; };
		6B71919A1F1A8B3900557D20 /* AppDelegate.swift */ = {isa = PBXFileReference; lastKnownFileType = sourcecode.swift; path = AppDelegate.swift; sourceTree = "<group>"; };
		6B71919F1F1A8B3900557D20 /* Base */ = {isa = PBXFileReference; lastKnownFileType = file.storyboard; name = Base; path = Base.lproj/Main.storyboard; sourceTree = "<group>"; };
		6B7191A11F1A8B3900557D20 /* Assets.xcassets */ = {isa = PBXFileReference; lastKnownFileType = folder.assetcatalog; path = Assets.xcassets; sourceTree = "<group>"; };
		6B7191A41F1A8B3900557D20 /* Base */ = {isa = PBXFileReference; lastKnownFileType = file.storyboard; name = Base; path = Base.lproj/LaunchScreen.storyboard; sourceTree = "<group>"; };
		6B7191A61F1A8B3900557D20 /* Info.plist */ = {isa = PBXFileReference; lastKnownFileType = text.plist.xml; path = Info.plist; sourceTree = "<group>"; };
		6B78B5931F38927F007D46A1 /* UserInfoController.storyboard */ = {isa = PBXFileReference; fileEncoding = 4; lastKnownFileType = file.storyboard; path = UserInfoController.storyboard; sourceTree = "<group>"; };
		6B9CB2161F24BF4D00F2981A /* InputCarLicenseController.storyboard */ = {isa = PBXFileReference; fileEncoding = 4; lastKnownFileType = file.storyboard; path = InputCarLicenseController.storyboard; sourceTree = "<group>"; };
		6B9CB2191F24E83900F2981A /* UserInfoController.swift */ = {isa = PBXFileReference; fileEncoding = 4; lastKnownFileType = sourcecode.swift; path = UserInfoController.swift; sourceTree = "<group>"; };
		6BAA27BF1F2F045A00758DD4 /* ScanTimeoutVC.swift */ = {isa = PBXFileReference; fileEncoding = 4; lastKnownFileType = sourcecode.swift; path = ScanTimeoutVC.swift; sourceTree = "<group>"; };
		6BAA27C11F2F047900758DD4 /* ScanTimeoutVC.storyboard */ = {isa = PBXFileReference; fileEncoding = 4; lastKnownFileType = file.storyboard; path = ScanTimeoutVC.storyboard; sourceTree = "<group>"; };
		6BAA27C41F2F1A0E00758DD4 /* MenuVC.swift */ = {isa = PBXFileReference; fileEncoding = 4; lastKnownFileType = sourcecode.swift; path = MenuVC.swift; sourceTree = "<group>"; };
		6BAA27C81F2F1E5700758DD4 /* CustomMenuTabelCell.swift */ = {isa = PBXFileReference; fileEncoding = 4; lastKnownFileType = sourcecode.swift; path = CustomMenuTabelCell.swift; sourceTree = "<group>"; };
		6BAA27CC1F2F85F700758DD4 /* MenuVC.storyboard */ = {isa = PBXFileReference; fileEncoding = 4; lastKnownFileType = file.storyboard; path = MenuVC.storyboard; sourceTree = "<group>"; };
		6BAA27CF1F2F8E7B00758DD4 /* ReportVC.swift */ = {isa = PBXFileReference; fileEncoding = 4; lastKnownFileType = sourcecode.swift; path = ReportVC.swift; sourceTree = "<group>"; };
		6BAA27D11F2F8F4C00758DD4 /* ReportVC.storyboard */ = {isa = PBXFileReference; fileEncoding = 4; lastKnownFileType = file.storyboard; path = ReportVC.storyboard; sourceTree = "<group>"; };
		6BAC38051F37563700A3AD5D /* 香港中环.gpx */ = {isa = PBXFileReference; fileEncoding = 4; lastKnownFileType = text.xml; path = "香港中环.gpx"; sourceTree = "<group>"; };
		6BAC38071F3756A700A3AD5D /* loginVideoV2.mp4 */ = {isa = PBXFileReference; lastKnownFileType = file; path = loginVideoV2.mp4; sourceTree = "<group>"; };
		6BCC38921F3B04DA006ABE12 /* SettingController.swift */ = {isa = PBXFileReference; fileEncoding = 4; lastKnownFileType = sourcecode.swift; path = SettingController.swift; sourceTree = "<group>"; };
		6BCC38941F3B1B7E006ABE12 /* AboutVC.swift */ = {isa = PBXFileReference; fileEncoding = 4; lastKnownFileType = sourcecode.swift; path = AboutVC.swift; sourceTree = "<group>"; };
		6BCC38961F3B228D006ABE12 /* MyNavigationController.swift */ = {isa = PBXFileReference; fileEncoding = 4; lastKnownFileType = sourcecode.swift; name = MyNavigationController.swift; path = Category/MyNavigationController.swift; sourceTree = "<group>"; };
		6BFF610C1F1B6407006447B1 /* ActivityCenterController.swift */ = {isa = PBXFileReference; fileEncoding = 4; lastKnownFileType = sourcecode.swift; path = ActivityCenterController.swift; sourceTree = "<group>"; };
		6BFF610E1F1B6407006447B1 /* MainViewController.swift */ = {isa = PBXFileReference; fileEncoding = 4; lastKnownFileType = sourcecode.swift; path = MainViewController.swift; sourceTree = "<group>"; };
		6BFF61111F1B6407006447B1 /* UIView+Extension.swift */ = {isa = PBXFileReference; fileEncoding = 4; lastKnownFileType = sourcecode.swift; path = "UIView+Extension.swift"; sourceTree = "<group>"; };
		6BFF61161F1B647C006447B1 /* ActivityCenterController.storyboard */ = {isa = PBXFileReference; fileEncoding = 4; lastKnownFileType = file.storyboard; path = ActivityCenterController.storyboard; sourceTree = "<group>"; };
		6BFF61181F1B64A0006447B1 /* MainViewController.storyboard */ = {isa = PBXFileReference; fileEncoding = 4; lastKnownFileType = file.storyboard; path = MainViewController.storyboard; sourceTree = "<group>"; };
		6BFF611C1F1B8245006447B1 /* QRCodeController.swift */ = {isa = PBXFileReference; fileEncoding = 4; lastKnownFileType = sourcecode.swift; path = QRCodeController.swift; sourceTree = "<group>"; };
		6BFF611E1F1B827A006447B1 /* QRCodeController.storyboard */ = {isa = PBXFileReference; fileEncoding = 4; lastKnownFileType = file.storyboard; path = QRCodeController.storyboard; sourceTree = "<group>"; };
		A0E452C2F367E04F2D5F34F9 /* Pods-ofo.release.xcconfig */ = {isa = PBXFileReference; includeInIndex = 1; lastKnownFileType = text.xcconfig; name = "Pods-ofo.release.xcconfig"; path = "Pods/Target Support Files/Pods-ofo/Pods-ofo.release.xcconfig"; sourceTree = "<group>"; };
		D3EC0F67EDDCF13A24478C02 /* Pods_ofo.framework */ = {isa = PBXFileReference; explicitFileType = wrapper.framework; includeInIndex = 0; path = Pods_ofo.framework; sourceTree = BUILT_PRODUCTS_DIR; };
/* End PBXFileReference section */

/* Begin PBXFrameworksBuildPhase section */
		6B7191941F1A8B3900557D20 /* Frameworks */ = {
			isa = PBXFrameworksBuildPhase;
			buildActionMask = 2147483647;
			files = (
				6B00840C1F1B0C9900A348E6 /* MapKit.framework in Frameworks */,
				D023903F29DE1CB3237D0330 /* Pods_ofo.framework in Frameworks */,
			);
			runOnlyForDeploymentPostprocessing = 0;
		};
/* End PBXFrameworksBuildPhase section */

/* Begin PBXGroup section */
		689F593015CAF7A16AF2FB99 /* Pods */ = {
			isa = PBXGroup;
			children = (
				2E82AAA083E137B9A535F1FC /* Pods-ofo.debug.xcconfig */,
				A0E452C2F367E04F2D5F34F9 /* Pods-ofo.release.xcconfig */,
			);
			name = Pods;
			sourceTree = "<group>";
		};
		6B00840A1F1B0C9900A348E6 /* Frameworks */ = {
			isa = PBXGroup;
			children = (
				6B00840B1F1B0C9900A348E6 /* MapKit.framework */,
				D3EC0F67EDDCF13A24478C02 /* Pods_ofo.framework */,
			);
			name = Frameworks;
			sourceTree = "<group>";
		};
		6B71918E1F1A8B3900557D20 = {
			isa = PBXGroup;
			children = (
				6B7191991F1A8B3900557D20 /* ofo */,
				6B7191981F1A8B3900557D20 /* Products */,
				6B00840A1F1B0C9900A348E6 /* Frameworks */,
				689F593015CAF7A16AF2FB99 /* Pods */,
			);
			sourceTree = "<group>";
		};
		6B7191981F1A8B3900557D20 /* Products */ = {
			isa = PBXGroup;
			children = (
				6B7191971F1A8B3900557D20 /* ofo.app */,
			);
			name = Products;
			sourceTree = "<group>";
		};
		6B7191991F1A8B3900557D20 /* ofo */ = {
			isa = PBXGroup;
			children = (
				6BFF610A1F1B6407006447B1 /* Classes */,
				6B71919E1F1A8B3900557D20 /* Main.storyboard */,
				6B7191A11F1A8B3900557D20 /* Assets.xcassets */,
				6B71919A1F1A8B3900557D20 /* AppDelegate.swift */,
				6B7191A31F1A8B3900557D20 /* LaunchScreen.storyboard */,
				6B7191A61F1A8B3900557D20 /* Info.plist */,
			);
			path = ofo;
			sourceTree = "<group>";
		};
		6B78B5951F38964E007D46A1 /* Setting */ = {
			isa = PBXGroup;
			children = (
				6BCC38921F3B04DA006ABE12 /* SettingController.swift */,
				6BCC38941F3B1B7E006ABE12 /* AboutVC.swift */,
			);
			path = Setting;
			sourceTree = "<group>";
		};
		6B9CB2181F24E81A00F2981A /* UserInfo */ = {
			isa = PBXGroup;
			children = (
				6BAA27C31F2F19FC00758DD4 /* Menu */,
				6B78B5951F38964E007D46A1 /* Setting */,
				6B9CB2191F24E83900F2981A /* UserInfoController.swift */,
				6B78B5931F38927F007D46A1 /* UserInfoController.storyboard */,
				6B5A79CA1F39E73B00826B8F /* UserInfoAvatarCell.swift */,
				6B5A79CC1F39E7C000826B8F /* UserInfoDetailCell.swift */,
			);
			path = UserInfo;
			sourceTree = "<group>";
		};
		6BAA27C31F2F19FC00758DD4 /* Menu */ = {
			isa = PBXGroup;
			children = (
				6BAA27C41F2F1A0E00758DD4 /* MenuVC.swift */,
				6BAA27CC1F2F85F700758DD4 /* MenuVC.storyboard */,
				6BAA27C81F2F1E5700758DD4 /* CustomMenuTabelCell.swift */,
			);
			path = Menu;
			sourceTree = "<group>";
		};
		6BAA27CE1F2F8E5900758DD4 /* Report */ = {
			isa = PBXGroup;
			children = (
				6BAA27CF1F2F8E7B00758DD4 /* ReportVC.swift */,
				6BAA27D11F2F8F4C00758DD4 /* ReportVC.storyboard */,
			);
			path = Report;
			sourceTree = "<group>";
		};
		6BAC38041F37562500A3AD5D /* Resources */ = {
			isa = PBXGroup;
			children = (
				6BAC38051F37563700A3AD5D /* 香港中环.gpx */,
				6BAC38071F3756A700A3AD5D /* loginVideoV2.mp4 */,
			);
			path = Resources;
			sourceTree = "<group>";
		};
		6BFF610A1F1B6407006447B1 /* Classes */ = {
			isa = PBXGroup;
			children = (
				6BFF610D1F1B6407006447B1 /* Main */,
				6B9CB2181F24E81A00F2981A /* UserInfo */,
				6BFF610B1F1B6407006447B1 /* ActivityCenter */,
				6BFF610F1F1B6407006447B1 /* Tool */,
				6BAC38041F37562500A3AD5D /* Resources */,
			);
			path = Classes;
			sourceTree = "<group>";
		};
		6BFF610B1F1B6407006447B1 /* ActivityCenter */ = {
			isa = PBXGroup;
			children = (
				6BFF61161F1B647C006447B1 /* ActivityCenterController.storyboard */,
				6BFF610C1F1B6407006447B1 /* ActivityCenterController.swift */,
			);
			path = ActivityCenter;
			sourceTree = "<group>";
		};
		6BFF610D1F1B6407006447B1 /* Main */ = {
			isa = PBXGroup;
			children = (
				6BFF611B1F1B822E006447B1 /* QRCode */,
				6BAA27CE1F2F8E5900758DD4 /* Report */,
				6BFF610E1F1B6407006447B1 /* MainViewController.swift */,
				6BFF61181F1B64A0006447B1 /* MainViewController.storyboard */,
			);
			path = Main;
			sourceTree = "<group>";
		};
		6BFF610F1F1B6407006447B1 /* Tool */ = {
			isa = PBXGroup;
			children = (
				6BFF61101F1B6407006447B1 /* Category */,
				6B348C561F1BF2A6003FFCDC /* ofo-Bridging-Header.h */,
				6B3B9E971F449CC4006B0971 /* MyPinAnnotation.swift */,
				6BCC38961F3B228D006ABE12 /* MyNavigationController.swift */,
			);
			path = Tool;
			sourceTree = "<group>";
		};
		6BFF61101F1B6407006447B1 /* Category */ = {
			isa = PBXGroup;
			children = (
				6BFF61111F1B6407006447B1 /* UIView+Extension.swift */,
			);
			path = Category;
			sourceTree = "<group>";
		};
		6BFF611B1F1B822E006447B1 /* QRCode */ = {
			isa = PBXGroup;
			children = (
				6BFF611C1F1B8245006447B1 /* QRCodeController.swift */,
				6BFF611E1F1B827A006447B1 /* QRCodeController.storyboard */,
				6B080AEF1F2478AD007F866F /* InputCarLicenseController.swift */,
				6B9CB2161F24BF4D00F2981A /* InputCarLicenseController.storyboard */,
				6BAA27BF1F2F045A00758DD4 /* ScanTimeoutVC.swift */,
				6BAA27C11F2F047900758DD4 /* ScanTimeoutVC.storyboard */,
			);
			path = QRCode;
			sourceTree = "<group>";
		};
/* End PBXGroup section */

/* Begin PBXNativeTarget section */
		6B7191961F1A8B3900557D20 /* ofo */ = {
			isa = PBXNativeTarget;
			buildConfigurationList = 6B7191A91F1A8B3900557D20 /* Build configuration list for PBXNativeTarget "ofo" */;
			buildPhases = (
				2E4969DD162B679EF78705BA /* [CP] Check Pods Manifest.lock */,
				6B7191931F1A8B3900557D20 /* Sources */,
				6B7191941F1A8B3900557D20 /* Frameworks */,
				6B7191951F1A8B3900557D20 /* Resources */,
				991E8F0C82657F8319D74E1C /* [CP] Embed Pods Frameworks */,
				911E2EB8D4FC7F5C2D35FFAC /* [CP] Copy Pods Resources */,
			);
			buildRules = (
			);
			dependencies = (
			);
			name = ofo;
			productName = ofo;
			productReference = 6B7191971F1A8B3900557D20 /* ofo.app */;
			productType = "com.apple.product-type.application";
		};
/* End PBXNativeTarget section */

/* Begin PBXProject section */
		6B71918F1F1A8B3900557D20 /* Project object */ = {
			isa = PBXProject;
			attributes = {
				LastSwiftUpdateCheck = 0820;
				LastUpgradeCheck = 0820;
				ORGANIZATIONNAME = LC;
				TargetAttributes = {
					6B7191961F1A8B3900557D20 = {
						CreatedOnToolsVersion = 8.2.1;
						LastSwiftMigration = 0820;
						ProvisioningStyle = Automatic;
						SystemCapabilities = {
							com.apple.Maps.iOS = {
								enabled = 1;
							};
						};
					};
				};
			};
			buildConfigurationList = 6B7191921F1A8B3900557D20 /* Build configuration list for PBXProject "ofo" */;
			compatibilityVersion = "Xcode 3.2";
			developmentRegion = English;
			hasScannedForEncodings = 0;
			knownRegions = (
				en,
				Base,
			);
			mainGroup = 6B71918E1F1A8B3900557D20;
			productRefGroup = 6B7191981F1A8B3900557D20 /* Products */;
			projectDirPath = "";
			projectRoot = "";
			targets = (
				6B7191961F1A8B3900557D20 /* ofo */,
			);
		};
/* End PBXProject section */

/* Begin PBXResourcesBuildPhase section */
		6B7191951F1A8B3900557D20 /* Resources */ = {
			isa = PBXResourcesBuildPhase;
			buildActionMask = 2147483647;
			files = (
				6BFF61191F1B64A0006447B1 /* MainViewController.storyboard in Resources */,
				6BAC38061F37563700A3AD5D /* 香港中环.gpx in Resources */,
				6BFF61171F1B647C006447B1 /* ActivityCenterController.storyboard in Resources */,
				6B9CB2171F24BF4D00F2981A /* InputCarLicenseController.storyboard in Resources */,
				6BAA27C21F2F047900758DD4 /* ScanTimeoutVC.storyboard in Resources */,
				6BAC38081F3756A700A3AD5D /* loginVideoV2.mp4 in Resources */,
				6BFF611F1F1B827A006447B1 /* QRCodeController.storyboard in Resources */,
				6B7191A51F1A8B3900557D20 /* LaunchScreen.storyboard in Resources */,
				6B7191A21F1A8B3900557D20 /* Assets.xcassets in Resources */,
				6BAA27CD1F2F85F700758DD4 /* MenuVC.storyboard in Resources */,
				6BAA27D21F2F8F4C00758DD4 /* ReportVC.storyboard in Resources */,
				6B78B5941F38927F007D46A1 /* UserInfoController.storyboard in Resources */,
				6B7191A01F1A8B3900557D20 /* Main.storyboard in Resources */,
			);
			runOnlyForDeploymentPostprocessing = 0;
		};
/* End PBXResourcesBuildPhase section */

/* Begin PBXShellScriptBuildPhase section */
		2E4969DD162B679EF78705BA /* [CP] Check Pods Manifest.lock */ = {
			isa = PBXShellScriptBuildPhase;
			buildActionMask = 2147483647;
			files = (
			);
			inputPaths = (
			);
			name = "[CP] Check Pods Manifest.lock";
			outputPaths = (
			);
			runOnlyForDeploymentPostprocessing = 0;
			shellPath = /bin/sh;
			shellScript = "diff \"${PODS_ROOT}/../Podfile.lock\" \"${PODS_ROOT}/Manifest.lock\" > /dev/null\nif [ $? != 0 ] ; then\n    # print error to STDERR\n    echo \"error: The sandbox is not in sync with the Podfile.lock. Run 'pod install' or update your CocoaPods installation.\" >&2\n    exit 1\nfi\n";
			showEnvVarsInLog = 0;
		};
		911E2EB8D4FC7F5C2D35FFAC /* [CP] Copy Pods Resources */ = {
			isa = PBXShellScriptBuildPhase;
			buildActionMask = 2147483647;
			files = (
			);
			inputPaths = (
			);
			name = "[CP] Copy Pods Resources";
			outputPaths = (
			);
			runOnlyForDeploymentPostprocessing = 0;
			shellPath = /bin/sh;
			shellScript = "\"${SRCROOT}/Pods/Target Support Files/Pods-ofo/Pods-ofo-resources.sh\"\n";
			showEnvVarsInLog = 0;
		};
		991E8F0C82657F8319D74E1C /* [CP] Embed Pods Frameworks */ = {
			isa = PBXShellScriptBuildPhase;
			buildActionMask = 2147483647;
			files = (
			);
			inputPaths = (
			);
			name = "[CP] Embed Pods Frameworks";
			outputPaths = (
			);
			runOnlyForDeploymentPostprocessing = 0;
			shellPath = /bin/sh;
			shellScript = "\"${SRCROOT}/Pods/Target Support Files/Pods-ofo/Pods-ofo-frameworks.sh\"\n";
			showEnvVarsInLog = 0;
		};
/* End PBXShellScriptBuildPhase section */

/* Begin PBXSourcesBuildPhase section */
		6B7191931F1A8B3900557D20 /* Sources */ = {
			isa = PBXSourcesBuildPhase;
			buildActionMask = 2147483647;
			files = (
				6BFF61141F1B6407006447B1 /* MainViewController.swift in Sources */,
				6BCC38971F3B228D006ABE12 /* MyNavigationController.swift in Sources */,
				6B5A79CB1F39E73B00826B8F /* UserInfoAvatarCell.swift in Sources */,
				6B3B9E981F449CC4006B0971 /* MyPinAnnotation.swift in Sources */,
				6B080AF01F2478AD007F866F /* InputCarLicenseController.swift in Sources */,
				6B71919B1F1A8B3900557D20 /* AppDelegate.swift in Sources */,
				6B5A79CD1F39E7C000826B8F /* UserInfoDetailCell.swift in Sources */,
				6BAA27C01F2F045A00758DD4 /* ScanTimeoutVC.swift in Sources */,
				6BCC38931F3B04DA006ABE12 /* SettingController.swift in Sources */,
				6BFF61151F1B6407006447B1 /* UIView+Extension.swift in Sources */,
				6BAA27D01F2F8E7B00758DD4 /* ReportVC.swift in Sources */,
				6BAA27C51F2F1A0E00758DD4 /* MenuVC.swift in Sources */,
				6BAA27C91F2F1E5700758DD4 /* CustomMenuTabelCell.swift in Sources */,
				6BCC38951F3B1B7E006ABE12 /* AboutVC.swift in Sources */,
				6B9CB21A1F24E83900F2981A /* UserInfoController.swift in Sources */,
				6BFF61131F1B6407006447B1 /* ActivityCenterController.swift in Sources */,
				6BFF611D1F1B8245006447B1 /* QRCodeController.swift in Sources */,
			);
			runOnlyForDeploymentPostprocessing = 0;
		};
/* End PBXSourcesBuildPhase section */

/* Begin PBXVariantGroup section */
		6B71919E1F1A8B3900557D20 /* Main.storyboard */ = {
			isa = PBXVariantGroup;
			children = (
				6B71919F1F1A8B3900557D20 /* Base */,
			);
			name = Main.storyboard;
			sourceTree = "<group>";
		};
		6B7191A31F1A8B3900557D20 /* LaunchScreen.storyboard */ = {
			isa = PBXVariantGroup;
			children = (
				6B7191A41F1A8B3900557D20 /* Base */,
			);
			name = LaunchScreen.storyboard;
			sourceTree = "<group>";
		};
/* End PBXVariantGroup section */

/* Begin XCBuildConfiguration section */
		6B7191A71F1A8B3900557D20 /* Debug */ = {
			isa = XCBuildConfiguration;
			buildSettings = {
				ALWAYS_SEARCH_USER_PATHS = NO;
				CLANG_ANALYZER_NONNULL = YES;
				CLANG_CXX_LANGUAGE_STANDARD = "gnu++0x";
				CLANG_CXX_LIBRARY = "libc++";
				CLANG_ENABLE_MODULES = YES;
				CLANG_ENABLE_OBJC_ARC = YES;
				CLANG_WARN_BOOL_CONVERSION = YES;
				CLANG_WARN_CONSTANT_CONVERSION = YES;
				CLANG_WARN_DIRECT_OBJC_ISA_USAGE = YES_ERROR;
				CLANG_WARN_DOCUMENTATION_COMMENTS = YES;
				CLANG_WARN_EMPTY_BODY = YES;
				CLANG_WARN_ENUM_CONVERSION = YES;
				CLANG_WARN_INFINITE_RECURSION = YES;
				CLANG_WARN_INT_CONVERSION = YES;
				CLANG_WARN_OBJC_ROOT_CLASS = YES_ERROR;
				CLANG_WARN_SUSPICIOUS_MOVE = YES;
				CLANG_WARN_UNREACHABLE_CODE = YES;
				CLANG_WARN__DUPLICATE_METHOD_MATCH = YES;
				"CODE_SIGN_IDENTITY[sdk=iphoneos*]" = "iPhone Developer";
				COPY_PHASE_STRIP = NO;
				DEBUG_INFORMATION_FORMAT = dwarf;
				ENABLE_STRICT_OBJC_MSGSEND = YES;
				ENABLE_TESTABILITY = YES;
				GCC_C_LANGUAGE_STANDARD = gnu99;
				GCC_DYNAMIC_NO_PIC = NO;
				GCC_NO_COMMON_BLOCKS = YES;
				GCC_OPTIMIZATION_LEVEL = 0;
				GCC_PREPROCESSOR_DEFINITIONS = (
					"DEBUG=1",
					"$(inherited)",
				);
				GCC_WARN_64_TO_32_BIT_CONVERSION = YES;
				GCC_WARN_ABOUT_RETURN_TYPE = YES_ERROR;
				GCC_WARN_UNDECLARED_SELECTOR = YES;
				GCC_WARN_UNINITIALIZED_AUTOS = YES_AGGRESSIVE;
				GCC_WARN_UNUSED_FUNCTION = YES;
				GCC_WARN_UNUSED_VARIABLE = YES;
				IPHONEOS_DEPLOYMENT_TARGET = 10.2;
				MTL_ENABLE_DEBUG_INFO = YES;
				ONLY_ACTIVE_ARCH = YES;
				SDKROOT = iphoneos;
				SWIFT_ACTIVE_COMPILATION_CONDITIONS = DEBUG;
				SWIFT_OPTIMIZATION_LEVEL = "-Onone";
			};
			name = Debug;
		};
		6B7191A81F1A8B3900557D20 /* Release */ = {
			isa = XCBuildConfiguration;
			buildSettings = {
				ALWAYS_SEARCH_USER_PATHS = NO;
				CLANG_ANALYZER_NONNULL = YES;
				CLANG_CXX_LANGUAGE_STANDARD = "gnu++0x";
				CLANG_CXX_LIBRARY = "libc++";
				CLANG_ENABLE_MODULES = YES;
				CLANG_ENABLE_OBJC_ARC = YES;
				CLANG_WARN_BOOL_CONVERSION = YES;
				CLANG_WARN_CONSTANT_CONVERSION = YES;
				CLANG_WARN_DIRECT_OBJC_ISA_USAGE = YES_ERROR;
				CLANG_WARN_DOCUMENTATION_COMMENTS = YES;
				CLANG_WARN_EMPTY_BODY = YES;
				CLANG_WARN_ENUM_CONVERSION = YES;
				CLANG_WARN_INFINITE_RECURSION = YES;
				CLANG_WARN_INT_CONVERSION = YES;
				CLANG_WARN_OBJC_ROOT_CLASS = YES_ERROR;
				CLANG_WARN_SUSPICIOUS_MOVE = YES;
				CLANG_WARN_UNREACHABLE_CODE = YES;
				CLANG_WARN__DUPLICATE_METHOD_MATCH = YES;
				"CODE_SIGN_IDENTITY[sdk=iphoneos*]" = "iPhone Developer";
				COPY_PHASE_STRIP = NO;
				DEBUG_INFORMATION_FORMAT = "dwarf-with-dsym";
				ENABLE_NS_ASSERTIONS = NO;
				ENABLE_STRICT_OBJC_MSGSEND = YES;
				GCC_C_LANGUAGE_STANDARD = gnu99;
				GCC_NO_COMMON_BLOCKS = YES;
				GCC_WARN_64_TO_32_BIT_CONVERSION = YES;
				GCC_WARN_ABOUT_RETURN_TYPE = YES_ERROR;
				GCC_WARN_UNDECLARED_SELECTOR = YES;
				GCC_WARN_UNINITIALIZED_AUTOS = YES_AGGRESSIVE;
				GCC_WARN_UNUSED_FUNCTION = YES;
				GCC_WARN_UNUSED_VARIABLE = YES;
				IPHONEOS_DEPLOYMENT_TARGET = 10.2;
				MTL_ENABLE_DEBUG_INFO = NO;
				SDKROOT = iphoneos;
				SWIFT_OPTIMIZATION_LEVEL = "-Owholemodule";
				VALIDATE_PRODUCT = YES;
			};
			name = Release;
		};
		6B7191AA1F1A8B3900557D20 /* Debug */ = {
			isa = XCBuildConfiguration;
			baseConfigurationReference = 2E82AAA083E137B9A535F1FC /* Pods-ofo.debug.xcconfig */;
			buildSettings = {
				ASSETCATALOG_COMPILER_APPICON_NAME = AppIcon;
				ASSETCATALOG_COMPILER_LAUNCHIMAGE_NAME = LaunchImage;
				CLANG_ENABLE_MODULES = YES;
				DEVELOPMENT_TEAM = "";
				INFOPLIST_FILE = ofo/Info.plist;
				IPHONEOS_DEPLOYMENT_TARGET = 10.2;
				LD_RUNPATH_SEARCH_PATHS = "$(inherited) @executable_path/Frameworks";
				PRODUCT_BUNDLE_IDENTIFIER = com.LC.ofo;
				PRODUCT_NAME = "$(TARGET_NAME)";
				SWIFT_OBJC_BRIDGING_HEADER = "ofo/Classes/Tool/ofo-Bridging-Header.h";
				SWIFT_OPTIMIZATION_LEVEL = "-Onone";
				SWIFT_VERSION = 3.0;
			};
			name = Debug;
		};
		6B7191AB1F1A8B3900557D20 /* Release */ = {
			isa = XCBuildConfiguration;
			baseConfigurationReference = A0E452C2F367E04F2D5F34F9 /* Pods-ofo.release.xcconfig */;
			buildSettings = {
				ASSETCATALOG_COMPILER_APPICON_NAME = AppIcon;
				ASSETCATALOG_COMPILER_LAUNCHIMAGE_NAME = LaunchImage;
				CLANG_ENABLE_MODULES = YES;
				DEVELOPMENT_TEAM = "";
				INFOPLIST_FILE = ofo/Info.plist;
				IPHONEOS_DEPLOYMENT_TARGET = 10.2;
				LD_RUNPATH_SEARCH_PATHS = "$(inherited) @executable_path/Frameworks";
				PRODUCT_BUNDLE_IDENTIFIER = com.LC.ofo;
				PRODUCT_NAME = "$(TARGET_NAME)";
				SWIFT_OBJC_BRIDGING_HEADER = "ofo/Classes/Tool/ofo-Bridging-Header.h";
				SWIFT_VERSION = 3.0;
			};
			name = Release;
		};
/* End XCBuildConfiguration section */

/* Begin XCConfigurationList section */
		6B7191921F1A8B3900557D20 /* Build configuration list for PBXProject "ofo" */ = {
			isa = XCConfigurationList;
			buildConfigurations = (
				6B7191A71F1A8B3900557D20 /* Debug */,
				6B7191A81F1A8B3900557D20 /* Release */,
			);
			defaultConfigurationIsVisible = 0;
			defaultConfigurationName = Release;
		};
		6B7191A91F1A8B3900557D20 /* Build configuration list for PBXNativeTarget "ofo" */ = {
			isa = XCConfigurationList;
			buildConfigurations = (
				6B7191AA1F1A8B3900557D20 /* Debug */,
				6B7191AB1F1A8B3900557D20 /* Release */,
			);
			defaultConfigurationIsVisible = 0;
			defaultConfigurationName = Release;
		};
/* End XCConfigurationList section */
	};
	rootObject = 6B71918F1F1A8B3900557D20 /* Project object */;
}
